Microsoft Visual Studio Solution File, Format Version 12.00
# Visual Studio 2012
Project("{FAE04EC0-301F-11D3-BF4B-00C04F79EFBC}") = "UnnamedProject", "UnnamedProject.csproj", "{B22183DD-455D-4D7C-82F8-DD7B7A3DCB36}"
EndProject
Global
	GlobalSection(SolutionConfigurationPlatforms) = preSolution
	Debug|Any CPU = Debug|Any CPU
	ExportDebug|Any CPU = ExportDebug|Any CPU
	ExportRelease|Any CPU = ExportRelease|Any CPU
	EndGlobalSection
	GlobalSection(ProjectConfigurationPlatforms) = postSolution
		{B22183DD-455D-4D7C-82F8-DD7B7A3DCB36}.Debug|Any CPU.ActiveCfg = Debug|Any CPU
		{B22183DD-455D-4D7C-82F8-DD7B7A3DCB36}.Debug|Any CPU.Build.0 = Debug|Any CPU
		{B22183DD-455D-4D7C-82F8-DD7B7A3DCB36}.ExportDebug|Any CPU.ActiveCfg = ExportDebug|Any CPU
		{B22183DD-455D-4D7C-82F8-DD7B7A3DCB36}.ExportDebug|Any CPU.Build.0 = ExportDebug|Any CPU
		{B22183DD-455D-4D7C-82F8-DD7B7A3DCB36}.ExportRelease|Any CPU.ActiveCfg = ExportRelease|Any CPU
		{B22183DD-455D-4D7C-82F8-DD7B7A3DCB36}.ExportRelease|Any CPU.Build.0 = ExportRelease|Any CPU
	EndGlobalSection
EndGlobal
